
Microsoft Visual Studio Solution File, Format Version 12.00
# Visual Studio 14
VisualStudioVersion = 14.0.24720.0
MinimumVisualStudioVersion = 10.0.40219.1
Project("{FAE04EC0-301F-11D3-BF4B-00C04F79EFBC}") = "Beers.Core", "Beers.Core\Beers.Core.csproj", "{186D3E03-0FA5-4816-8AAF-DD21505FF1D4}"
EndProject
Project("{FAE04EC0-301F-11D3-BF4B-00C04F79EFBC}") = "Beers.Droid", "Beers.Droid\Beers.Droid.csproj", "{61E07FD0-0933-4A5E-87AE-A29A8611821A}"
EndProject
Global
	GlobalSection(SolutionConfigurationPlatforms) = preSolution
		Debug|Any CPU = Debug|Any CPU
		Release|Any CPU = Release|Any CPU
	EndGlobalSection
	GlobalSection(ProjectConfigurationPlatforms) = postSolution
		{186D3E03-0FA5-4816-8AAF-DD21505FF1D4}.Debug|Any CPU.ActiveCfg = Debug|Any CPU
		{186D3E03-0FA5-4816-8AAF-DD21505FF1D4}.Debug|Any CPU.Build.0 = Debug|Any CPU
		{186D3E03-0FA5-4816-8AAF-DD21505FF1D4}.Release|Any CPU.ActiveCfg = Release|Any CPU
		{186D3E03-0FA5-4816-8AAF-DD21505FF1D4}.Release|Any CPU.Build.0 = Release|Any CPU
		{61E07FD0-0933-4A5E-87AE-A29A8611821A}.Debug|Any CPU.ActiveCfg = Debug|Any CPU
		{61E07FD0-0933-4A5E-87AE-A29A8611821A}.Debug|Any CPU.Build.0 = Debug|Any CPU
		{61E07FD0-0933-4A5E-87AE-A29A8611821A}.Debug|Any CPU.Deploy.0 = Debug|Any CPU
		{61E07FD0-0933-4A5E-87AE-A29A8611821A}.Release|Any CPU.ActiveCfg = Release|Any CPU
		{61E07FD0-0933-4A5E-87AE-A29A8611821A}.Release|Any CPU.Build.0 = Release|Any CPU
		{61E07FD0-0933-4A5E-87AE-A29A8611821A}.Release|Any CPU.Deploy.0 = Release|Any CPU
	EndGlobalSection
	GlobalSection(SolutionProperties) = preSolution
		HideSolutionNode = FALSE
	EndGlobalSection
EndGlobal
